
Microsoft Visual Studio Solution File, Format Version 12.00
# Visual Studio 15
Project("{FAE04EC0-301F-11D3-BF4B-00C04F79EFBC}") = "omnigage-bulk-delete-example", "omnigage-bulk-delete-example\omnigage-bulk-delete-example.csproj", "{DD7F771F-F456-48E8-BDB8-E17D744E9F6B}"
EndProject
Global
	GlobalSection(SolutionConfigurationPlatforms) = preSolution
		Debug|Any CPU = Debug|Any CPU
		Release|Any CPU = Release|Any CPU
	EndGlobalSection
	GlobalSection(ProjectConfigurationPlatforms) = postSolution
		{DD7F771F-F456-48E8-BDB8-E17D744E9F6B}.Debug|Any CPU.ActiveCfg = Debug|Any CPU
		{DD7F771F-F456-48E8-BDB8-E17D744E9F6B}.Debug|Any CPU.Build.0 = Debug|Any CPU
		{DD7F771F-F456-48E8-BDB8-E17D744E9F6B}.Release|Any CPU.ActiveCfg = Release|Any CPU
		{DD7F771F-F456-48E8-BDB8-E17D744E9F6B}.Release|Any CPU.Build.0 = Release|Any CPU
	EndGlobalSection
EndGlobal
